
Microsoft Visual Studio Solution File, Format Version 12.00
# Visual Studio Version 17
VisualStudioVersion = 17.13.35931.197 d17.13
MinimumVisualStudioVersion = 10.0.40219.1
Project("{FAE04EC0-301F-11D3-BF4B-00C04F79EFBC}") = "Mmt.Ai.Challenge", "Mmt.Ai.Challenge\Mmt.Ai.Challenge.csproj", "{FE87798A-59E0-40F3-9841-276DC716C39F}"
EndProject
Global
	GlobalSection(SolutionConfigurationPlatforms) = preSolution
		Debug|Any CPU = Debug|Any CPU
		Release|Any CPU = Release|Any CPU
	EndGlobalSection
	GlobalSection(ProjectConfigurationPlatforms) = postSolution
		{FE87798A-59E0-40F3-9841-276DC716C39F}.Debug|Any CPU.ActiveCfg = Debug|Any CPU
		{FE87798A-59E0-40F3-9841-276DC716C39F}.Debug|Any CPU.Build.0 = Debug|Any CPU
		{FE87798A-59E0-40F3-9841-276DC716C39F}.Release|Any CPU.ActiveCfg = Release|Any CPU
		{FE87798A-59E0-40F3-9841-276DC716C39F}.Release|Any CPU.Build.0 = Release|Any CPU
	EndGlobalSection
	GlobalSection(SolutionProperties) = preSolution
		HideSolutionNode = FALSE
	EndGlobalSection
	GlobalSection(ExtensibilityGlobals) = postSolution
		SolutionGuid = {CF7742D4-42DF-43D8-BDB8-D7CF79D78959}
	EndGlobalSection
EndGlobal
